// !$*UTF8*$!
{
	archiveVersion = 1;
	classes = {
	};
	objectVersion = 46;
	objects = {

/* Begin PBXBuildFile section */
		32CABE851B71200300C94145 /* main.cpp in Sources */ = {isa = PBXBuildFile; fileRef = 32CABE841B71200300C94145 /* main.cpp */; };
		32CABE8C1B71201000C94145 /* OpenGL.framework in Frameworks */ = {isa = PBXBuildFile; fileRef = 32CABE8B1B71201000C94145 /* OpenGL.framework */; };
		32CABE8E1B71201600C94145 /* GLUT.framework in Frameworks */ = {isa = PBXBuildFile; fileRef = 32CABE8D1B71201600C94145 /* GLUT.framework */; };
		32CABE911B71217900C94145 /* PolygonTriangulator.cpp in Sources */ = {isa = PBXBuildFile; fileRef = 32CABE8F1B71217900C94145 /* PolygonTriangulator.cpp */; };
/* End PBXBuildFile section */

/* Begin PBXCopyFilesBuildPhase section */
		32CABE7F1B71200300C94145 /* CopyFiles */ = {
			isa = PBXCopyFilesBuildPhase;
			buildActionMask = 2147483647;
			dstPath = /usr/share/man/man1/;
			dstSubfolderSpec = 0;
			files = (
			);
			runOnlyForDeploymentPostprocessing = 1;
		};
/* End PBXCopyFilesBuildPhase section */

/* Begin PBXFileReference section */
		32CABE811B71200300C94145 /* triangulate-polygons */ = {isa = PBXFileReference; explicitFileType = "compiled.mach-o.executable"; includeInIndex = 0; path = "triangulate-polygons"; sourceTree = BUILT_PRODUCTS_DIR; };
		32CABE841B71200300C94145 /* main.cpp */ = {isa = PBXFileReference; lastKnownFileType = sourcecode.cpp.cpp; path = main.cpp; sourceTree = "<group>"; };
		32CABE8B1B71201000C94145 /* OpenGL.framework */ = {isa = PBXFileReference; lastKnownFileType = wrapper.framework; name = OpenGL.framework; path = System/Library/Frameworks/OpenGL.framework; sourceTree = SDKROOT; };
		32CABE8D1B71201600C94145 /* GLUT.framework */ = {isa = PBXFileReference; lastKnownFileType = wrapper.framework; name = GLUT.framework; path = System/Library/Frameworks/GLUT.framework; sourceTree = SDKROOT; };
		32CABE8F1B71217900C94145 /* PolygonTriangulator.cpp */ = {isa = PBXFileReference; fileEncoding = 4; lastKnownFileType = sourcecode.cpp.cpp; path = PolygonTriangulator.cpp; sourceTree = "<group>"; };
		32CABE901B71217900C94145 /* PolygonTriangulator.h */ = {isa = PBXFileReference; fileEncoding = 4; lastKnownFileType = sourcecode.c.h; path = PolygonTriangulator.h; sourceTree = "<group>"; };
/* End PBXFileReference section */

/* Begin PBXFrameworksBuildPhase section */
		32CABE7E1B71200300C94145 /* Frameworks */ = {
			isa = PBXFrameworksBuildPhase;
			buildActionMask = 2147483647;
			files = (
				32CABE8E1B71201600C94145 /* GLUT.framework in Frameworks */,
				32CABE8C1B71201000C94145 /* OpenGL.framework in Frameworks */,
			);
			runOnlyForDeploymentPostprocessing = 0;
		};
/* End PBXFrameworksBuildPhase section */

/* Begin PBXGroup section */
		32CABE781B71200300C94145 = {
			isa = PBXGroup;
			children = (
				32CABE8D1B71201600C94145 /* GLUT.framework */,
				32CABE8B1B71201000C94145 /* OpenGL.framework */,
				32CABE831B71200300C94145 /* triangulate-polygons */,
				32CABE821B71200300C94145 /* Products */,
			);
			sourceTree = "<group>";
		};
		32CABE821B71200300C94145 /* Products */ = {
			isa = PBXGroup;
			children = (
				32CABE811B71200300C94145 /* triangulate-polygons */,
			);
			name = Products;
			sourceTree = "<group>";
		};
		32CABE831B71200300C94145 /* triangulate-polygons */ = {
			isa = PBXGroup;
			children = (
				32CABE841B71200300C94145 /* main.cpp */,
				32CABE8F1B71217900C94145 /* PolygonTriangulator.cpp */,
				32CABE901B71217900C94145 /* PolygonTriangulator.h */,
			);
			path = "triangulate-polygons";
			sourceTree = "<group>";
		};
/* End PBXGroup section */

/* Begin PBXNativeTarget section */
		32CABE801B71200300C94145 /* triangulate-polygons */ = {
			isa = PBXNativeTarget;
			buildConfigurationList = 32CABE881B71200300C94145 /* Build configuration list for PBXNativeTarget "triangulate-polygons" */;
			buildPhases = (
				32CABE7D1B71200300C94145 /* Sources */,
				32CABE7E1B71200300C94145 /* Frameworks */,
				32CABE7F1B71200300C94145 /* CopyFiles */,
			);
			buildRules = (
			);
			dependencies = (
			);
			name = "triangulate-polygons";
			productName = "triangulate-polygons";
			productReference = 32CABE811B71200300C94145 /* triangulate-polygons */;
			productType = "com.apple.product-type.tool";
		};
/* End PBXNativeTarget section */

/* Begin PBXProject section */
		32CABE791B71200300C94145 /* Project object */ = {
			isa = PBXProject;
			attributes = {
				LastUpgradeCheck = 0640;
				ORGANIZATIONNAME = "Rohan Sawhney";
				TargetAttributes = {
					32CABE801B71200300C94145 = {
						CreatedOnToolsVersion = 6.4;
					};
				};
			};
			buildConfigurationList = 32CABE7C1B71200300C94145 /* Build configuration list for PBXProject "triangulate-polygons" */;
			compatibilityVersion = "Xcode 3.2";
			developmentRegion = English;
			hasScannedForEncodings = 0;
			knownRegions = (
				en,
			);
			mainGroup = 32CABE781B71200300C94145;
			productRefGroup = 32CABE821B71200300C94145 /* Products */;
			projectDirPath = "";
			projectRoot = "";
			targets = (
				32CABE801B71200300C94145 /* triangulate-polygons */,
			);
		};
/* End PBXProject section */

/* Begin PBXSourcesBuildPhase section */
		32CABE7D1B71200300C94145 /* Sources */ = {
			isa = PBXSourcesBuildPhase;
			buildActionMask = 2147483647;
			files = (
				32CABE911B71217900C94145 /* PolygonTriangulator.cpp in Sources */,
				32CABE851B71200300C94145 /* main.cpp in Sources */,
			);
			runOnlyForDeploymentPostprocessing = 0;
		};
/* End PBXSourcesBuildPhase section */

/* Begin XCBuildConfiguration section */
		32CABE861B71200300C94145 /* Debug */ = {
			isa = XCBuildConfiguration;
			buildSettings = {
				ALWAYS_SEARCH_USER_PATHS = NO;
				CLANG_CXX_LANGUAGE_STANDARD = "gnu++0x";
				CLANG_CXX_LIBRARY = "libc++";
				CLANG_ENABLE_MODULES = YES;
				CLANG_ENABLE_OBJC_ARC = YES;
				CLANG_WARN_BOOL_CONVERSION = YES;
				CLANG_WARN_CONSTANT_CONVERSION = YES;
				CLANG_WARN_DIRECT_OBJC_ISA_USAGE = YES_ERROR;
				CLANG_WARN_EMPTY_BODY = YES;
				CLANG_WARN_ENUM_CONVERSION = YES;
				CLANG_WARN_INT_CONVERSION = YES;
				CLANG_WARN_OBJC_ROOT_CLASS = YES_ERROR;
				CLANG_WARN_UNREACHABLE_CODE = YES;
				CLANG_WARN__DUPLICATE_METHOD_MATCH = YES;
				COPY_PHASE_STRIP = NO;
				DEBUG_INFORMATION_FORMAT = dwarf;
				ENABLE_STRICT_OBJC_MSGSEND = YES;
				GCC_C_LANGUAGE_STANDARD = gnu99;
				GCC_DYNAMIC_NO_PIC = NO;
				GCC_NO_COMMON_BLOCKS = YES;
				GCC_OPTIMIZATION_LEVEL = 0;
				GCC_PREPROCESSOR_DEFINITIONS = (
					"DEBUG=1",
					"$(inherited)",
				);
				GCC_SYMBOLS_PRIVATE_EXTERN = NO;
				GCC_WARN_64_TO_32_BIT_CONVERSION = YES;
				GCC_WARN_ABOUT_RETURN_TYPE = YES_ERROR;
				GCC_WARN_UNDECLARED_SELECTOR = YES;
				GCC_WARN_UNINITIALIZED_AUTOS = YES_AGGRESSIVE;
				GCC_WARN_UNUSED_FUNCTION = YES;
				GCC_WARN_UNUSED_VARIABLE = YES;
				MACOSX_DEPLOYMENT_TARGET = 10.10;
				MTL_ENABLE_DEBUG_INFO = YES;
				ONLY_ACTIVE_ARCH = YES;
				SDKROOT = macosx;
			};
			name = Debug;
		};
		32CABE871B71200300C94145 /* Release */ = {
			isa = XCBuildConfiguration;
			buildSettings = {
				ALWAYS_SEARCH_USER_PATHS = NO;
				CLANG_CXX_LANGUAGE_STANDARD = "gnu++0x";
				CLANG_CXX_LIBRARY = "libc++";
				CLANG_ENABLE_MODULES = YES;
				CLANG_ENABLE_OBJC_ARC = YES;
				CLANG_WARN_BOOL_CONVERSION = YES;
				CLANG_WARN_CONSTANT_CONVERSION = YES;
				CLANG_WARN_DIRECT_OBJC_ISA_USAGE = YES_ERROR;
				CLANG_WARN_EMPTY_BODY = YES;
				CLANG_WARN_ENUM_CONVERSION = YES;
				CLANG_WARN_INT_CONVERSION = YES;
				CLANG_WARN_OBJC_ROOT_CLASS = YES_ERROR;
				CLANG_WARN_UNREACHABLE_CODE = YES;
				CLANG_WARN__DUPLICATE_METHOD_MATCH = YES;
				COPY_PHASE_STRIP = NO;
				DEBUG_INFORMATION_FORMAT = "dwarf-with-dsym";
				ENABLE_NS_ASSERTIONS = NO;
				ENABLE_STRICT_OBJC_MSGSEND = YES;
				GCC_C_LANGUAGE_STANDARD = gnu99;
				GCC_NO_COMMON_BLOCKS = YES;
				GCC_WARN_64_TO_32_BIT_CONVERSION = YES;
				GCC_WARN_ABOUT_RETURN_TYPE = YES_ERROR;
				GCC_WARN_UNDECLARED_SELECTOR = YES;
				GCC_WARN_UNINITIALIZED_AUTOS = YES_AGGRESSIVE;
				GCC_WARN_UNUSED_FUNCTION = YES;
				GCC_WARN_UNUSED_VARIABLE = YES;
				MACOSX_DEPLOYMENT_TARGET = 10.10;
				MTL_ENABLE_DEBUG_INFO = NO;
				SDKROOT = macosx;
			};
			name = Release;
		};
		32CABE891B71200300C94145 /* Debug */ = {
			isa = XCBuildConfiguration;
			buildSettings = {
				HEADER_SEARCH_PATHS = (
					"$(inherited)",
					/Applications/Xcode.app/Contents/Developer/Toolchains/XcodeDefault.xctoolchain/usr/include,
					/usr/local/Cellar/eigen/3.2.4/include/eigen3,
				);
				PRODUCT_NAME = "$(TARGET_NAME)";
			};
			name = Debug;
		};
		32CABE8A1B71200300C94145 /* Release */ = {
			isa = XCBuildConfiguration;
			buildSettings = {
				HEADER_SEARCH_PATHS = (
					"$(inherited)",
					/Applications/Xcode.app/Contents/Developer/Toolchains/XcodeDefault.xctoolchain/usr/include,
					/usr/local/Cellar/eigen/3.2.4/include/eigen3,
				);
				PRODUCT_NAME = "$(TARGET_NAME)";
			};
			name = Release;
		};
/* End XCBuildConfiguration section */

/* Begin XCConfigurationList section */
		32CABE7C1B71200300C94145 /* Build configuration list for PBXProject "triangulate-polygons" */ = {
			isa = XCConfigurationList;
			buildConfigurations = (
				32CABE861B71200300C94145 /* Debug */,
				32CABE871B71200300C94145 /* Release */,
			);
			defaultConfigurationIsVisible = 0;
			defaultConfigurationName = Release;
		};
		32CABE881B71200300C94145 /* Build configuration list for PBXNativeTarget "triangulate-polygons" */ = {
			isa = XCConfigurationList;
			buildConfigurations = (
				32CABE891B71200300C94145 /* Debug */,
				32CABE8A1B71200300C94145 /* Release */,
			);
			defaultConfigurationIsVisible = 0;
		};
/* End XCConfigurationList section */
	};
	rootObject = 32CABE791B71200300C94145 /* Project object */;
}
